
Microsoft Visual Studio Solution File, Format Version 12.00
# Visual Studio Version 17
VisualStudioVersion = 17.0.31903.59
MinimumVisualStudioVersion = 10.0.40219.1
Project("{2150E333-8FDC-42A3-9474-1A3956D46DE8}") = "src", "src", "{F7351B1A-9DC2-4F60-8AE9-5EF98837BC73}"
EndProject
Project("{2150E333-8FDC-42A3-9474-1A3956D46DE8}") = "UserService", "UserService", "{A421CE14-764B-4499-BA3E-A4A6C1E04741}"
EndProject
Project("{FAE04EC0-301F-11D3-BF4B-00C04F79EFBC}") = "ECommerce.UserService", "src\UserService\ECommerce.UserService\ECommerce.UserService.csproj", "{59FA8208-B6B9-4CB3-8B1F-622C5E1E368D}"
EndProject
Project("{2150E333-8FDC-42A3-9474-1A3956D46DE8}") = "ProductService", "ProductService", "{4541605B-83BB-4BF7-BA75-8E80E61AE267}"
EndProject
Project("{FAE04EC0-301F-11D3-BF4B-00C04F79EFBC}") = "ECommerce.ProductService", "src\ProductService\ECommerce.ProductService\ECommerce.ProductService.csproj", "{884510C6-6C79-4155-A780-3171B216E005}"
EndProject
Project("{2150E333-8FDC-42A3-9474-1A3956D46DE8}") = "SearchService", "SearchService", "{1521E93C-3696-44B0-A8AE-5631D8C627AF}"
EndProject
Project("{FAE04EC0-301F-11D3-BF4B-00C04F79EFBC}") = "ECommerce.SearchService", "src\SearchService\ECommerce.SearchService\ECommerce.SearchService.csproj", "{7044217F-80ED-4337-9A40-7A27263F60AC}"
EndProject
Project("{2150E333-8FDC-42A3-9474-1A3956D46DE8}") = "PaymentService", "PaymentService", "{852F4A28-2ECF-4FA8-BC74-094799C61DC2}"
EndProject
Project("{FAE04EC0-301F-11D3-BF4B-00C04F79EFBC}") = "ECommerce.PaymentService", "src\PaymentService\ECommerce.PaymentService\ECommerce.PaymentService.csproj", "{6E3C88B7-879A-4A8B-AD3B-85F74B55D6D6}"
EndProject
Project("{2150E333-8FDC-42A3-9474-1A3956D46DE8}") = "CartService", "CartService", "{53EB0D28-A099-4BCA-93AB-8A90C297C125}"
EndProject
Project("{FAE04EC0-301F-11D3-BF4B-00C04F79EFBC}") = "ECommerce.CartService", "src\CartService\ECommerce.CartService\ECommerce.CartService.csproj", "{865BA404-3F8A-4C4D-91F1-9FB018833E84}"
EndProject
Project("{2150E333-8FDC-42A3-9474-1A3956D46DE8}") = "APIGateway", "APIGateway", "{0F855C49-B8F5-4D2F-8CB4-647D93C43BB3}"
EndProject
Project("{FAE04EC0-301F-11D3-BF4B-00C04F79EFBC}") = "ECommerce.APIGateway", "src\APIGateway\ECommerce.APIGateway\ECommerce.APIGateway.csproj", "{7DF6C5D9-FCA1-4F3E-BC0C-F913AF74303F}"
EndProject
Global
	GlobalSection(SolutionConfigurationPlatforms) = preSolution
		Debug|Any CPU = Debug|Any CPU
		Release|Any CPU = Release|Any CPU
	EndGlobalSection
	GlobalSection(SolutionProperties) = preSolution
		HideSolutionNode = FALSE
	EndGlobalSection
	GlobalSection(ProjectConfigurationPlatforms) = postSolution
		{59FA8208-B6B9-4CB3-8B1F-622C5E1E368D}.Debug|Any CPU.ActiveCfg = Debug|Any CPU
		{59FA8208-B6B9-4CB3-8B1F-622C5E1E368D}.Debug|Any CPU.Build.0 = Debug|Any CPU
		{59FA8208-B6B9-4CB3-8B1F-622C5E1E368D}.Release|Any CPU.ActiveCfg = Release|Any CPU
		{59FA8208-B6B9-4CB3-8B1F-622C5E1E368D}.Release|Any CPU.Build.0 = Release|Any CPU
		{884510C6-6C79-4155-A780-3171B216E005}.Debug|Any CPU.ActiveCfg = Debug|Any CPU
		{884510C6-6C79-4155-A780-3171B216E005}.Debug|Any CPU.Build.0 = Debug|Any CPU
		{884510C6-6C79-4155-A780-3171B216E005}.Release|Any CPU.ActiveCfg = Release|Any CPU
		{884510C6-6C79-4155-A780-3171B216E005}.Release|Any CPU.Build.0 = Release|Any CPU
		{7044217F-80ED-4337-9A40-7A27263F60AC}.Debug|Any CPU.ActiveCfg = Debug|Any CPU
		{7044217F-80ED-4337-9A40-7A27263F60AC}.Debug|Any CPU.Build.0 = Debug|Any CPU
		{7044217F-80ED-4337-9A40-7A27263F60AC}.Release|Any CPU.ActiveCfg = Release|Any CPU
		{7044217F-80ED-4337-9A40-7A27263F60AC}.Release|Any CPU.Build.0 = Release|Any CPU
		{6E3C88B7-879A-4A8B-AD3B-85F74B55D6D6}.Debug|Any CPU.ActiveCfg = Debug|Any CPU
		{6E3C88B7-879A-4A8B-AD3B-85F74B55D6D6}.Debug|Any CPU.Build.0 = Debug|Any CPU
		{6E3C88B7-879A-4A8B-AD3B-85F74B55D6D6}.Release|Any CPU.ActiveCfg = Release|Any CPU
		{6E3C88B7-879A-4A8B-AD3B-85F74B55D6D6}.Release|Any CPU.Build.0 = Release|Any CPU
		{865BA404-3F8A-4C4D-91F1-9FB018833E84}.Debug|Any CPU.ActiveCfg = Debug|Any CPU
		{865BA404-3F8A-4C4D-91F1-9FB018833E84}.Debug|Any CPU.Build.0 = Debug|Any CPU
		{865BA404-3F8A-4C4D-91F1-9FB018833E84}.Release|Any CPU.ActiveCfg = Release|Any CPU
		{865BA404-3F8A-4C4D-91F1-9FB018833E84}.Release|Any CPU.Build.0 = Release|Any CPU
		{7DF6C5D9-FCA1-4F3E-BC0C-F913AF74303F}.Debug|Any CPU.ActiveCfg = Debug|Any CPU
		{7DF6C5D9-FCA1-4F3E-BC0C-F913AF74303F}.Debug|Any CPU.Build.0 = Debug|Any CPU
		{7DF6C5D9-FCA1-4F3E-BC0C-F913AF74303F}.Release|Any CPU.ActiveCfg = Release|Any CPU
		{7DF6C5D9-FCA1-4F3E-BC0C-F913AF74303F}.Release|Any CPU.Build.0 = Release|Any CPU
	EndGlobalSection
	GlobalSection(NestedProjects) = preSolution
		{A421CE14-764B-4499-BA3E-A4A6C1E04741} = {F7351B1A-9DC2-4F60-8AE9-5EF98837BC73}
		{59FA8208-B6B9-4CB3-8B1F-622C5E1E368D} = {A421CE14-764B-4499-BA3E-A4A6C1E04741}
		{4541605B-83BB-4BF7-BA75-8E80E61AE267} = {F7351B1A-9DC2-4F60-8AE9-5EF98837BC73}
		{884510C6-6C79-4155-A780-3171B216E005} = {4541605B-83BB-4BF7-BA75-8E80E61AE267}
		{1521E93C-3696-44B0-A8AE-5631D8C627AF} = {F7351B1A-9DC2-4F60-8AE9-5EF98837BC73}
		{7044217F-80ED-4337-9A40-7A27263F60AC} = {1521E93C-3696-44B0-A8AE-5631D8C627AF}
		{852F4A28-2ECF-4FA8-BC74-094799C61DC2} = {F7351B1A-9DC2-4F60-8AE9-5EF98837BC73}
		{6E3C88B7-879A-4A8B-AD3B-85F74B55D6D6} = {852F4A28-2ECF-4FA8-BC74-094799C61DC2}
		{53EB0D28-A099-4BCA-93AB-8A90C297C125} = {F7351B1A-9DC2-4F60-8AE9-5EF98837BC73}
		{865BA404-3F8A-4C4D-91F1-9FB018833E84} = {53EB0D28-A099-4BCA-93AB-8A90C297C125}
		{0F855C49-B8F5-4D2F-8CB4-647D93C43BB3} = {F7351B1A-9DC2-4F60-8AE9-5EF98837BC73}
		{7DF6C5D9-FCA1-4F3E-BC0C-F913AF74303F} = {0F855C49-B8F5-4D2F-8CB4-647D93C43BB3}
	EndGlobalSection
EndGlobal
